
Microsoft Visual Studio Solution File, Format Version 12.00
# Visual Studio 14
VisualStudioVersion = 14.0.24720.0
MinimumVisualStudioVersion = 10.0.40219.1
Project("{FAE04EC0-301F-11D3-BF4B-00C04F79EFBC}") = "MayorElection", "MayorElection\MayorElection.csproj", "{167A8110-8EC9-4BD6-BD58-8A2DE5438563}"
EndProject
Project("{FAE04EC0-301F-11D3-BF4B-00C04F79EFBC}") = "MayorElection.Tests", "MayorElection.Tests\MayorElection.Tests.csproj", "{837F9AA6-D094-4A5A-9E63-829C7ADE4E9A}"
EndProject
Global
	GlobalSection(SolutionConfigurationPlatforms) = preSolution
		Debug|Any CPU = Debug|Any CPU
		Release|Any CPU = Release|Any CPU
	EndGlobalSection
	GlobalSection(ProjectConfigurationPlatforms) = postSolution
		{167A8110-8EC9-4BD6-BD58-8A2DE5438563}.Debug|Any CPU.ActiveCfg = Debug|Any CPU
		{167A8110-8EC9-4BD6-BD58-8A2DE5438563}.Debug|Any CPU.Build.0 = Debug|Any CPU
		{167A8110-8EC9-4BD6-BD58-8A2DE5438563}.Release|Any CPU.ActiveCfg = Release|Any CPU
		{167A8110-8EC9-4BD6-BD58-8A2DE5438563}.Release|Any CPU.Build.0 = Release|Any CPU
		{837F9AA6-D094-4A5A-9E63-829C7ADE4E9A}.Debug|Any CPU.ActiveCfg = Debug|Any CPU
		{837F9AA6-D094-4A5A-9E63-829C7ADE4E9A}.Debug|Any CPU.Build.0 = Debug|Any CPU
		{837F9AA6-D094-4A5A-9E63-829C7ADE4E9A}.Release|Any CPU.ActiveCfg = Release|Any CPU
		{837F9AA6-D094-4A5A-9E63-829C7ADE4E9A}.Release|Any CPU.Build.0 = Release|Any CPU
	EndGlobalSection
	GlobalSection(SolutionProperties) = preSolution
		HideSolutionNode = FALSE
	EndGlobalSection
EndGlobal
